
Microsoft Visual Studio Solution File, Format Version 12.00
# Visual Studio Version 16
VisualStudioVersion = 16.0.30225.117
MinimumVisualStudioVersion = 10.0.40219.1
Project("{FAE04EC0-301F-11D3-BF4B-00C04F79EFBC}") = "BTH.WPF", "BTH.WPF\BTH.WPF.csproj", "{E7948DA4-233F-4C15-A901-33F83F9FC628}"
EndProject
Project("{FAE04EC0-301F-11D3-BF4B-00C04F79EFBC}") = "BTH.Tests", "BTH.Tests\BTH.Tests.csproj", "{54E3249F-ADFE-446A-8ED4-8BF184E01F68}"
EndProject
Global
	GlobalSection(SolutionConfigurationPlatforms) = preSolution
		Debug|Any CPU = Debug|Any CPU
		Release|Any CPU = Release|Any CPU
	EndGlobalSection
	GlobalSection(ProjectConfigurationPlatforms) = postSolution
		{E7948DA4-233F-4C15-A901-33F83F9FC628}.Debug|Any CPU.ActiveCfg = Debug|Any CPU
		{E7948DA4-233F-4C15-A901-33F83F9FC628}.Debug|Any CPU.Build.0 = Debug|Any CPU
		{E7948DA4-233F-4C15-A901-33F83F9FC628}.Release|Any CPU.ActiveCfg = Release|Any CPU
		{E7948DA4-233F-4C15-A901-33F83F9FC628}.Release|Any CPU.Build.0 = Release|Any CPU
		{54E3249F-ADFE-446A-8ED4-8BF184E01F68}.Debug|Any CPU.ActiveCfg = Debug|Any CPU
		{54E3249F-ADFE-446A-8ED4-8BF184E01F68}.Debug|Any CPU.Build.0 = Debug|Any CPU
		{54E3249F-ADFE-446A-8ED4-8BF184E01F68}.Release|Any CPU.ActiveCfg = Release|Any CPU
		{54E3249F-ADFE-446A-8ED4-8BF184E01F68}.Release|Any CPU.Build.0 = Release|Any CPU
	EndGlobalSection
	GlobalSection(SolutionProperties) = preSolution
		HideSolutionNode = FALSE
	EndGlobalSection
	GlobalSection(ExtensibilityGlobals) = postSolution
		SolutionGuid = {3F8DC3EC-9ACC-4477-8618-AE2698DD625E}
	EndGlobalSection
EndGlobal
